
Microsoft Visual Studio Solution File, Format Version 12.00
# Visual Studio Version 16
VisualStudioVersion = 16.0.32126.315
MinimumVisualStudioVersion = 10.0.40219.1
Project("{FAE04EC0-301F-11D3-BF4B-00C04F79EFBC}") = "TaskForAmountDaysInMonths", "TaskForAmountDaysInMonths.csproj", "{0950478D-3A09-409C-9781-AEC0E51C62D1}"
EndProject
Global
	GlobalSection(SolutionConfigurationPlatforms) = preSolution
		Debug|Any CPU = Debug|Any CPU
		Release|Any CPU = Release|Any CPU
	EndGlobalSection
	GlobalSection(ProjectConfigurationPlatforms) = postSolution
		{0950478D-3A09-409C-9781-AEC0E51C62D1}.Debug|Any CPU.ActiveCfg = Debug|Any CPU
		{0950478D-3A09-409C-9781-AEC0E51C62D1}.Debug|Any CPU.Build.0 = Debug|Any CPU
		{0950478D-3A09-409C-9781-AEC0E51C62D1}.Release|Any CPU.ActiveCfg = Release|Any CPU
		{0950478D-3A09-409C-9781-AEC0E51C62D1}.Release|Any CPU.Build.0 = Release|Any CPU
	EndGlobalSection
	GlobalSection(SolutionProperties) = preSolution
		HideSolutionNode = FALSE
	EndGlobalSection
	GlobalSection(ExtensibilityGlobals) = postSolution
		SolutionGuid = {E6AD7D0A-5C79-422D-957F-EAA86B1FC4DD}
	EndGlobalSection
EndGlobal
